
Microsoft Visual Studio Solution File, Format Version 12.00
# Visual Studio Version 16
VisualStudioVersion = 16.0.32228.343
MinimumVisualStudioVersion = 10.0.40219.1
Project("{9A19103F-16F7-4668-BE54-9A1E7A4F7556}") = "CaoGiaConstruction.WebClient", "CaoGiaConstruction.WebClient\CaoGiaConstruction.WebClient.csproj", "{1E169C92-70DE-43CA-B667-79DE15AA1C82}"
EndProject
Project("{9A19103F-16F7-4668-BE54-9A1E7A4F7556}") = "CaoGiaConstruction.Utilities", "CaoGiaConstruction.Utilities\CaoGiaConstruction.Utilities.csproj", "{B62A231D-6F65-493A-9075-29B23D0187E7}"
EndProject
Global
	GlobalSection(SolutionConfigurationPlatforms) = preSolution
		Debug|Any CPU = Debug|Any CPU
		Release|Any CPU = Release|Any CPU
	EndGlobalSection
	GlobalSection(ProjectConfigurationPlatforms) = postSolution
		{1E169C92-70DE-43CA-B667-79DE15AA1C82}.Debug|Any CPU.ActiveCfg = Debug|Any CPU
		{1E169C92-70DE-43CA-B667-79DE15AA1C82}.Debug|Any CPU.Build.0 = Debug|Any CPU
		{1E169C92-70DE-43CA-B667-79DE15AA1C82}.Release|Any CPU.ActiveCfg = Release|Any CPU
		{1E169C92-70DE-43CA-B667-79DE15AA1C82}.Release|Any CPU.Build.0 = Release|Any CPU
		{B62A231D-6F65-493A-9075-29B23D0187E7}.Debug|Any CPU.ActiveCfg = Debug|Any CPU
		{B62A231D-6F65-493A-9075-29B23D0187E7}.Debug|Any CPU.Build.0 = Debug|Any CPU
		{B62A231D-6F65-493A-9075-29B23D0187E7}.Release|Any CPU.ActiveCfg = Release|Any CPU
		{B62A231D-6F65-493A-9075-29B23D0187E7}.Release|Any CPU.Build.0 = Release|Any CPU
	EndGlobalSection
	GlobalSection(SolutionProperties) = preSolution
		HideSolutionNode = FALSE
	EndGlobalSection
	GlobalSection(ExtensibilityGlobals) = postSolution
		SolutionGuid = {C91186D2-C45E-45B9-A103-A0371E61944E}
	EndGlobalSection
EndGlobal
